// !$*UTF8*$!
{
	archiveVersion = 1;
	classes = {
	};
	objectVersion = 50;
	objects = {

/* Begin PBXBuildFile section */
		7D70E0B1250E9F7F000CE625 /* AppDelegate.swift in Sources */ = {isa = PBXBuildFile; fileRef = 7D70E0B0250E9F7F000CE625 /* AppDelegate.swift */; };
		7D70E0B3250E9F7F000CE625 /* SceneDelegate.swift in Sources */ = {isa = PBXBuildFile; fileRef = 7D70E0B2250E9F7F000CE625 /* SceneDelegate.swift */; };
		7D70E0B5250E9F80000CE625 /* ViewController.swift in Sources */ = {isa = PBXBuildFile; fileRef = 7D70E0B4250E9F80000CE625 /* ViewController.swift */; };
		7D70E0B8250E9F80000CE625 /* Main.storyboard in Resources */ = {isa = PBXBuildFile; fileRef = 7D70E0B6250E9F80000CE625 /* Main.storyboard */; };
		7D70E0BA250E9F83000CE625 /* Assets.xcassets in Resources */ = {isa = PBXBuildFile; fileRef = 7D70E0B9250E9F83000CE625 /* Assets.xcassets */; };
		7D70E0BD250E9F83000CE625 /* LaunchScreen.storyboard in Resources */ = {isa = PBXBuildFile; fileRef = 7D70E0BB250E9F83000CE625 /* LaunchScreen.storyboard */; };
		7D70E0C5250EA57A000CE625 /* Stickers.swift in Sources */ = {isa = PBXBuildFile; fileRef = 7D70E0C4250EA57A000CE625 /* Stickers.swift */; };
		7D70E0C9250EB22B000CE625 /* StickerCell.swift in Sources */ = {isa = PBXBuildFile; fileRef = 7D70E0C8250EB22B000CE625 /* StickerCell.swift */; };
		7DAAE423251FEEF700E13468 /* sticker.csv in Resources */ = {isa = PBXBuildFile; fileRef = 7DAAE422251FEEF600E13468 /* sticker.csv */; };
		7DAAE426251FF47F00E13468 /* csv.swift in Sources */ = {isa = PBXBuildFile; fileRef = 7DAAE425251FF47F00E13468 /* csv.swift */; };
		7DAAE4292521815E00E13468 /* StickerDetailVC.swift in Sources */ = {isa = PBXBuildFile; fileRef = 7DAAE4282521815E00E13468 /* StickerDetailVC.swift */; };
		7DAAE42D25229D2200E13468 /* OrangeJuice.ttf in Resources */ = {isa = PBXBuildFile; fileRef = 7DAAE42B2522874700E13468 /* OrangeJuice.ttf */; };
		7DAAE42E25229D2B00E13468 /* SquareLemon.ttf in Resources */ = {isa = PBXBuildFile; fileRef = 7DAAE42C25228D9D00E13468 /* SquareLemon.ttf */; };
		C3757CC57F0D1FF6D472B9D7 /* Pods_GEM_ART.framework in Frameworks */ = {isa = PBXBuildFile; fileRef = 82C7ADB9907764D49ACF2B5B /* Pods_GEM_ART.framework */; };
/* End PBXBuildFile section */

/* Begin PBXFileReference section */
		460F13CFC388C1622318FA2C /* Pods-GEM-ART.release.xcconfig */ = {isa = PBXFileReference; includeInIndex = 1; lastKnownFileType = text.xcconfig; name = "Pods-GEM-ART.release.xcconfig"; path = "Target Support Files/Pods-GEM-ART/Pods-GEM-ART.release.xcconfig"; sourceTree = "<group>"; };
		7D70E0AD250E9F7F000CE625 /* GEM-ART.app */ = {isa = PBXFileReference; explicitFileType = wrapper.application; includeInIndex = 0; path = "GEM-ART.app"; sourceTree = BUILT_PRODUCTS_DIR; };
		7D70E0B0250E9F7F000CE625 /* AppDelegate.swift */ = {isa = PBXFileReference; lastKnownFileType = sourcecode.swift; path = AppDelegate.swift; sourceTree = "<group>"; };
		7D70E0B2250E9F7F000CE625 /* SceneDelegate.swift */ = {isa = PBXFileReference; lastKnownFileType = sourcecode.swift; path = SceneDelegate.swift; sourceTree = "<group>"; };
		7D70E0B4250E9F80000CE625 /* ViewController.swift */ = {isa = PBXFileReference; lastKnownFileType = sourcecode.swift; path = ViewController.swift; sourceTree = "<group>"; };
		7D70E0B7250E9F80000CE625 /* Base */ = {isa = PBXFileReference; lastKnownFileType = file.storyboard; name = Base; path = Base.lproj/Main.storyboard; sourceTree = "<group>"; };
		7D70E0B9250E9F83000CE625 /* Assets.xcassets */ = {isa = PBXFileReference; lastKnownFileType = folder.assetcatalog; path = Assets.xcassets; sourceTree = "<group>"; };
		7D70E0BC250E9F83000CE625 /* Base */ = {isa = PBXFileReference; lastKnownFileType = file.storyboard; name = Base; path = Base.lproj/LaunchScreen.storyboard; sourceTree = "<group>"; };
		7D70E0BE250E9F83000CE625 /* Info.plist */ = {isa = PBXFileReference; lastKnownFileType = text.plist.xml; path = Info.plist; sourceTree = "<group>"; };
		7D70E0C4250EA57A000CE625 /* Stickers.swift */ = {isa = PBXFileReference; lastKnownFileType = sourcecode.swift; path = Stickers.swift; sourceTree = "<group>"; };
		7D70E0C8250EB22B000CE625 /* StickerCell.swift */ = {isa = PBXFileReference; lastKnownFileType = sourcecode.swift; path = StickerCell.swift; sourceTree = "<group>"; };
		7DAAE422251FEEF600E13468 /* sticker.csv */ = {isa = PBXFileReference; fileEncoding = 4; lastKnownFileType = text; path = sticker.csv; sourceTree = "<group>"; };
		7DAAE425251FF47F00E13468 /* csv.swift */ = {isa = PBXFileReference; lastKnownFileType = sourcecode.swift; path = csv.swift; sourceTree = "<group>"; };
		7DAAE4282521815E00E13468 /* StickerDetailVC.swift */ = {isa = PBXFileReference; lastKnownFileType = sourcecode.swift; path = StickerDetailVC.swift; sourceTree = "<group>"; };
		7DAAE42B2522874700E13468 /* OrangeJuice.ttf */ = {isa = PBXFileReference; lastKnownFileType = file; path = OrangeJuice.ttf; sourceTree = "<group>"; };
		7DAAE42C25228D9D00E13468 /* SquareLemon.ttf */ = {isa = PBXFileReference; lastKnownFileType = file; path = SquareLemon.ttf; sourceTree = "<group>"; };
		82C7ADB9907764D49ACF2B5B /* Pods_GEM_ART.framework */ = {isa = PBXFileReference; explicitFileType = wrapper.framework; includeInIndex = 0; path = Pods_GEM_ART.framework; sourceTree = BUILT_PRODUCTS_DIR; };
		BC61518F4127DFF9BFE1124E /* Pods-GEM-ART.debug.xcconfig */ = {isa = PBXFileReference; includeInIndex = 1; lastKnownFileType = text.xcconfig; name = "Pods-GEM-ART.debug.xcconfig"; path = "Target Support Files/Pods-GEM-ART/Pods-GEM-ART.debug.xcconfig"; sourceTree = "<group>"; };
/* End PBXFileReference section */

/* Begin PBXFrameworksBuildPhase section */
		7D70E0AA250E9F7F000CE625 /* Frameworks */ = {
			isa = PBXFrameworksBuildPhase;
			buildActionMask = 2147483647;
			files = (
				C3757CC57F0D1FF6D472B9D7 /* Pods_GEM_ART.framework in Frameworks */,
			);
			runOnlyForDeploymentPostprocessing = 0;
		};
/* End PBXFrameworksBuildPhase section */

/* Begin PBXGroup section */
		6D4828278652C2C88B7BD5C8 /* Pods */ = {
			isa = PBXGroup;
			children = (
				BC61518F4127DFF9BFE1124E /* Pods-GEM-ART.debug.xcconfig */,
				460F13CFC388C1622318FA2C /* Pods-GEM-ART.release.xcconfig */,
			);
			name = Pods;
			path = Pods;
			sourceTree = "<group>";
		};
		7D70E0A4250E9F7F000CE625 = {
			isa = PBXGroup;
			children = (
				7D70E0AF250E9F7F000CE625 /* GEM-ART */,
				7D70E0AE250E9F7F000CE625 /* Products */,
				6D4828278652C2C88B7BD5C8 /* Pods */,
				A8349372FBB4DC8DEB9CB331 /* Frameworks */,
			);
			sourceTree = "<group>";
		};
		7D70E0AE250E9F7F000CE625 /* Products */ = {
			isa = PBXGroup;
			children = (
				7D70E0AD250E9F7F000CE625 /* GEM-ART.app */,
			);
			name = Products;
			sourceTree = "<group>";
		};
		7D70E0AF250E9F7F000CE625 /* GEM-ART */ = {
			isa = PBXGroup;
			children = (
				7DAAE42A2522870900E13468 /* Fonts */,
				7DAAE4272521811300E13468 /* Controller */,
				7DAAE424251FF29200E13468 /* Util */,
				7DAAE41F251FEEB100E13468 /* Resources */,
				7D70E0C6250EB1AE000CE625 /* Model */,
				7D70E0C7250EB1CC000CE625 /* View */,
				7D70E0B0250E9F7F000CE625 /* AppDelegate.swift */,
				7D70E0B2250E9F7F000CE625 /* SceneDelegate.swift */,
				7D70E0B6250E9F80000CE625 /* Main.storyboard */,
				7D70E0B9250E9F83000CE625 /* Assets.xcassets */,
				7D70E0BB250E9F83000CE625 /* LaunchScreen.storyboard */,
				7D70E0BE250E9F83000CE625 /* Info.plist */,
			);
			path = "GEM-ART";
			sourceTree = "<group>";
		};
		7D70E0C6250EB1AE000CE625 /* Model */ = {
			isa = PBXGroup;
			children = (
				7D70E0C4250EA57A000CE625 /* Stickers.swift */,
			);
			path = Model;
			sourceTree = "<group>";
		};
		7D70E0C7250EB1CC000CE625 /* View */ = {
			isa = PBXGroup;
			children = (
				7D70E0C8250EB22B000CE625 /* StickerCell.swift */,
			);
			path = View;
			sourceTree = "<group>";
		};
		7DAAE41F251FEEB100E13468 /* Resources */ = {
			isa = PBXGroup;
			children = (
				7DAAE422251FEEF600E13468 /* sticker.csv */,
			);
			path = Resources;
			sourceTree = "<group>";
		};
		7DAAE424251FF29200E13468 /* Util */ = {
			isa = PBXGroup;
			children = (
				7DAAE425251FF47F00E13468 /* csv.swift */,
			);
			path = Util;
			sourceTree = "<group>";
		};
		7DAAE4272521811300E13468 /* Controller */ = {
			isa = PBXGroup;
			children = (
				7D70E0B4250E9F80000CE625 /* ViewController.swift */,
				7DAAE4282521815E00E13468 /* StickerDetailVC.swift */,
			);
			path = Controller;
			sourceTree = "<group>";
		};
		7DAAE42A2522870900E13468 /* Fonts */ = {
			isa = PBXGroup;
			children = (
				7DAAE42C25228D9D00E13468 /* SquareLemon.ttf */,
				7DAAE42B2522874700E13468 /* OrangeJuice.ttf */,
			);
			path = Fonts;
			sourceTree = "<group>";
		};
		A8349372FBB4DC8DEB9CB331 /* Frameworks */ = {
			isa = PBXGroup;
			children = (
				82C7ADB9907764D49ACF2B5B /* Pods_GEM_ART.framework */,
			);
			name = Frameworks;
			sourceTree = "<group>";
		};
/* End PBXGroup section */

/* Begin PBXNativeTarget section */
		7D70E0AC250E9F7F000CE625 /* GEM-ART */ = {
			isa = PBXNativeTarget;
			buildConfigurationList = 7D70E0C1250E9F83000CE625 /* Build configuration list for PBXNativeTarget "GEM-ART" */;
			buildPhases = (
				64DCD6FFC5D2DF63E01C6558 /* [CP] Check Pods Manifest.lock */,
				7D70E0A9250E9F7F000CE625 /* Sources */,
				7D70E0AA250E9F7F000CE625 /* Frameworks */,
				7D70E0AB250E9F7F000CE625 /* Resources */,
			);
			buildRules = (
			);
			dependencies = (
			);
			name = "GEM-ART";
			productName = "GEM-ART";
			productReference = 7D70E0AD250E9F7F000CE625 /* GEM-ART.app */;
			productType = "com.apple.product-type.application";
		};
/* End PBXNativeTarget section */

/* Begin PBXProject section */
		7D70E0A5250E9F7F000CE625 /* Project object */ = {
			isa = PBXProject;
			attributes = {
				LastSwiftUpdateCheck = 1160;
				LastUpgradeCheck = 1160;
				ORGANIZATIONNAME = "Truman Tang";
				TargetAttributes = {
					7D70E0AC250E9F7F000CE625 = {
						CreatedOnToolsVersion = 11.6;
					};
				};
			};
			buildConfigurationList = 7D70E0A8250E9F7F000CE625 /* Build configuration list for PBXProject "GEM-ART" */;
			compatibilityVersion = "Xcode 9.3";
			developmentRegion = en;
			hasScannedForEncodings = 0;
			knownRegions = (
				en,
				Base,
			);
			mainGroup = 7D70E0A4250E9F7F000CE625;
			productRefGroup = 7D70E0AE250E9F7F000CE625 /* Products */;
			projectDirPath = "";
			projectRoot = "";
			targets = (
				7D70E0AC250E9F7F000CE625 /* GEM-ART */,
			);
		};
/* End PBXProject section */

/* Begin PBXResourcesBuildPhase section */
		7D70E0AB250E9F7F000CE625 /* Resources */ = {
			isa = PBXResourcesBuildPhase;
			buildActionMask = 2147483647;
			files = (
				7D70E0BD250E9F83000CE625 /* LaunchScreen.storyboard in Resources */,
				7DAAE42D25229D2200E13468 /* OrangeJuice.ttf in Resources */,
				7D70E0BA250E9F83000CE625 /* Assets.xcassets in Resources */,
				7DAAE423251FEEF700E13468 /* sticker.csv in Resources */,
				7D70E0B8250E9F80000CE625 /* Main.storyboard in Resources */,
				7DAAE42E25229D2B00E13468 /* SquareLemon.ttf in Resources */,
			);
			runOnlyForDeploymentPostprocessing = 0;
		};
/* End PBXResourcesBuildPhase section */

/* Begin PBXShellScriptBuildPhase section */
		64DCD6FFC5D2DF63E01C6558 /* [CP] Check Pods Manifest.lock */ = {
			isa = PBXShellScriptBuildPhase;
			buildActionMask = 2147483647;
			files = (
			);
			inputFileListPaths = (
			);
			inputPaths = (
				"${PODS_PODFILE_DIR_PATH}/Podfile.lock",
				"${PODS_ROOT}/Manifest.lock",
			);
			name = "[CP] Check Pods Manifest.lock";
			outputFileListPaths = (
			);
			outputPaths = (
				"$(DERIVED_FILE_DIR)/Pods-GEM-ART-checkManifestLockResult.txt",
			);
			runOnlyForDeploymentPostprocessing = 0;
			shellPath = /bin/sh;
			shellScript = "diff \"${PODS_PODFILE_DIR_PATH}/Podfile.lock\" \"${PODS_ROOT}/Manifest.lock\" > /dev/null\nif [ $? != 0 ] ; then\n    # print error to STDERR\n    echo \"error: The sandbox is not in sync with the Podfile.lock. Run 'pod install' or update your CocoaPods installation.\" >&2\n    exit 1\nfi\n# This output is used by Xcode 'outputs' to avoid re-running this script phase.\necho \"SUCCESS\" > \"${SCRIPT_OUTPUT_FILE_0}\"\n";
			showEnvVarsInLog = 0;
		};
/* End PBXShellScriptBuildPhase section */

/* Begin PBXSourcesBuildPhase section */
		7D70E0A9250E9F7F000CE625 /* Sources */ = {
			isa = PBXSourcesBuildPhase;
			buildActionMask = 2147483647;
			files = (
				7DAAE426251FF47F00E13468 /* csv.swift in Sources */,
				7DAAE4292521815E00E13468 /* StickerDetailVC.swift in Sources */,
				7D70E0B5250E9F80000CE625 /* ViewController.swift in Sources */,
				7D70E0C5250EA57A000CE625 /* Stickers.swift in Sources */,
				7D70E0B1250E9F7F000CE625 /* AppDelegate.swift in Sources */,
				7D70E0C9250EB22B000CE625 /* StickerCell.swift in Sources */,
				7D70E0B3250E9F7F000CE625 /* SceneDelegate.swift in Sources */,
			);
			runOnlyForDeploymentPostprocessing = 0;
		};
/* End PBXSourcesBuildPhase section */

/* Begin PBXVariantGroup section */
		7D70E0B6250E9F80000CE625 /* Main.storyboard */ = {
			isa = PBXVariantGroup;
			children = (
				7D70E0B7250E9F80000CE625 /* Base */,
			);
			name = Main.storyboard;
			sourceTree = "<group>";
		};
		7D70E0BB250E9F83000CE625 /* LaunchScreen.storyboard */ = {
			isa = PBXVariantGroup;
			children = (
				7D70E0BC250E9F83000CE625 /* Base */,
			);
			name = LaunchScreen.storyboard;
			sourceTree = "<group>";
		};
/* End PBXVariantGroup section */

/* Begin XCBuildConfiguration section */
		7D70E0BF250E9F83000CE625 /* Debug */ = {
			isa = XCBuildConfiguration;
			buildSettings = {
				ALWAYS_SEARCH_USER_PATHS = NO;
				CLANG_ANALYZER_NONNULL = YES;
				CLANG_ANALYZER_NUMBER_OBJECT_CONVERSION = YES_AGGRESSIVE;
				CLANG_CXX_LANGUAGE_STANDARD = "gnu++14";
				CLANG_CXX_LIBRARY = "libc++";
				CLANG_ENABLE_MODULES = YES;
				CLANG_ENABLE_OBJC_ARC = YES;
				CLANG_ENABLE_OBJC_WEAK = YES;
				CLANG_WARN_BLOCK_CAPTURE_AUTORELEASING = YES;
				CLANG_WARN_BOOL_CONVERSION = YES;
				CLANG_WARN_COMMA = YES;
				CLANG_WARN_CONSTANT_CONVERSION = YES;
				CLANG_WARN_DEPRECATED_OBJC_IMPLEMENTATIONS = YES;
				CLANG_WARN_DIRECT_OBJC_ISA_USAGE = YES_ERROR;
				CLANG_WARN_DOCUMENTATION_COMMENTS = YES;
				CLANG_WARN_EMPTY_BODY = YES;
				CLANG_WARN_ENUM_CONVERSION = YES;
				CLANG_WARN_INFINITE_RECURSION = YES;
				CLANG_WARN_INT_CONVERSION = YES;
				CLANG_WARN_NON_LITERAL_NULL_CONVERSION = YES;
				CLANG_WARN_OBJC_IMPLICIT_RETAIN_SELF = YES;
				CLANG_WARN_OBJC_LITERAL_CONVERSION = YES;
				CLANG_WARN_OBJC_ROOT_CLASS = YES_ERROR;
				CLANG_WARN_RANGE_LOOP_ANALYSIS = YES;
				CLANG_WARN_STRICT_PROTOTYPES = YES;
				CLANG_WARN_SUSPICIOUS_MOVE = YES;
				CLANG_WARN_UNGUARDED_AVAILABILITY = YES_AGGRESSIVE;
				CLANG_WARN_UNREACHABLE_CODE = YES;
				CLANG_WARN__DUPLICATE_METHOD_MATCH = YES;
				COPY_PHASE_STRIP = NO;
				DEBUG_INFORMATION_FORMAT = dwarf;
				ENABLE_STRICT_OBJC_MSGSEND = YES;
				ENABLE_TESTABILITY = YES;
				GCC_C_LANGUAGE_STANDARD = gnu11;
				GCC_DYNAMIC_NO_PIC = NO;
				GCC_NO_COMMON_BLOCKS = YES;
				GCC_OPTIMIZATION_LEVEL = 0;
				GCC_PREPROCESSOR_DEFINITIONS = (
					"DEBUG=1",
					"$(inherited)",
				);
				GCC_WARN_64_TO_32_BIT_CONVERSION = YES;
				GCC_WARN_ABOUT_RETURN_TYPE = YES_ERROR;
				GCC_WARN_UNDECLARED_SELECTOR = YES;
				GCC_WARN_UNINITIALIZED_AUTOS = YES_AGGRESSIVE;
				GCC_WARN_UNUSED_FUNCTION = YES;
				GCC_WARN_UNUSED_VARIABLE = YES;
				IPHONEOS_DEPLOYMENT_TARGET = 13.6;
				MTL_ENABLE_DEBUG_INFO = INCLUDE_SOURCE;
				MTL_FAST_MATH = YES;
				ONLY_ACTIVE_ARCH = YES;
				SDKROOT = iphoneos;
				SWIFT_ACTIVE_COMPILATION_CONDITIONS = DEBUG;
				SWIFT_OPTIMIZATION_LEVEL = "-Onone";
			};
			name = Debug;
		};
		7D70E0C0250E9F83000CE625 /* Release */ = {
			isa = XCBuildConfiguration;
			buildSettings = {
				ALWAYS_SEARCH_USER_PATHS = NO;
				CLANG_ANALYZER_NONNULL = YES;
				CLANG_ANALYZER_NUMBER_OBJECT_CONVERSION = YES_AGGRESSIVE;
				CLANG_CXX_LANGUAGE_STANDARD = "gnu++14";
				CLANG_CXX_LIBRARY = "libc++";
				CLANG_ENABLE_MODULES = YES;
				CLANG_ENABLE_OBJC_ARC = YES;
				CLANG_ENABLE_OBJC_WEAK = YES;
				CLANG_WARN_BLOCK_CAPTURE_AUTORELEASING = YES;
				CLANG_WARN_BOOL_CONVERSION = YES;
				CLANG_WARN_COMMA = YES;
				CLANG_WARN_CONSTANT_CONVERSION = YES;
				CLANG_WARN_DEPRECATED_OBJC_IMPLEMENTATIONS = YES;
				CLANG_WARN_DIRECT_OBJC_ISA_USAGE = YES_ERROR;
				CLANG_WARN_DOCUMENTATION_COMMENTS = YES;
				CLANG_WARN_EMPTY_BODY = YES;
				CLANG_WARN_ENUM_CONVERSION = YES;
				CLANG_WARN_INFINITE_RECURSION = YES;
				CLANG_WARN_INT_CONVERSION = YES;
				CLANG_WARN_NON_LITERAL_NULL_CONVERSION = YES;
				CLANG_WARN_OBJC_IMPLICIT_RETAIN_SELF = YES;
				CLANG_WARN_OBJC_LITERAL_CONVERSION = YES;
				CLANG_WARN_OBJC_ROOT_CLASS = YES_ERROR;
				CLANG_WARN_RANGE_LOOP_ANALYSIS = YES;
				CLANG_WARN_STRICT_PROTOTYPES = YES;
				CLANG_WARN_SUSPICIOUS_MOVE = YES;
				CLANG_WARN_UNGUARDED_AVAILABILITY = YES_AGGRESSIVE;
				CLANG_WARN_UNREACHABLE_CODE = YES;
				CLANG_WARN__DUPLICATE_METHOD_MATCH = YES;
				COPY_PHASE_STRIP = NO;
				DEBUG_INFORMATION_FORMAT = "dwarf-with-dsym";
				ENABLE_NS_ASSERTIONS = NO;
				ENABLE_STRICT_OBJC_MSGSEND = YES;
				GCC_C_LANGUAGE_STANDARD = gnu11;
				GCC_NO_COMMON_BLOCKS = YES;
				GCC_WARN_64_TO_32_BIT_CONVERSION = YES;
				GCC_WARN_ABOUT_RETURN_TYPE = YES_ERROR;
				GCC_WARN_UNDECLARED_SELECTOR = YES;
				GCC_WARN_UNINITIALIZED_AUTOS = YES_AGGRESSIVE;
				GCC_WARN_UNUSED_FUNCTION = YES;
				GCC_WARN_UNUSED_VARIABLE = YES;
				IPHONEOS_DEPLOYMENT_TARGET = 13.6;
				MTL_ENABLE_DEBUG_INFO = NO;
				MTL_FAST_MATH = YES;
				SDKROOT = iphoneos;
				SWIFT_COMPILATION_MODE = wholemodule;
				SWIFT_OPTIMIZATION_LEVEL = "-O";
				VALIDATE_PRODUCT = YES;
			};
			name = Release;
		};
		7D70E0C2250E9F83000CE625 /* Debug */ = {
			isa = XCBuildConfiguration;
			baseConfigurationReference = BC61518F4127DFF9BFE1124E /* Pods-GEM-ART.debug.xcconfig */;
			buildSettings = {
				ASSETCATALOG_COMPILER_APPICON_NAME = AppIcon;
				CODE_SIGN_STYLE = Automatic;
				DEVELOPMENT_TEAM = YGK62NJFU5;
				INFOPLIST_FILE = "GEM-ART/Info.plist";
				LD_RUNPATH_SEARCH_PATHS = (
					"$(inherited)",
					"@executable_path/Frameworks",
				);
				PRODUCT_BUNDLE_IDENTIFIER = "cpp.GEM-ART";
				PRODUCT_NAME = "$(TARGET_NAME)";
				SWIFT_VERSION = 5.0;
				TARGETED_DEVICE_FAMILY = "1,2";
			};
			name = Debug;
		};
		7D70E0C3250E9F83000CE625 /* Release */ = {
			isa = XCBuildConfiguration;
			baseConfigurationReference = 460F13CFC388C1622318FA2C /* Pods-GEM-ART.release.xcconfig */;
			buildSettings = {
				ASSETCATALOG_COMPILER_APPICON_NAME = AppIcon;
				CODE_SIGN_STYLE = Automatic;
				DEVELOPMENT_TEAM = YGK62NJFU5;
				INFOPLIST_FILE = "GEM-ART/Info.plist";
				LD_RUNPATH_SEARCH_PATHS = (
					"$(inherited)",
					"@executable_path/Frameworks",
				);
				PRODUCT_BUNDLE_IDENTIFIER = "cpp.GEM-ART";
				PRODUCT_NAME = "$(TARGET_NAME)";
				SWIFT_VERSION = 5.0;
				TARGETED_DEVICE_FAMILY = "1,2";
			};
			name = Release;
		};
/* End XCBuildConfiguration section */

/* Begin XCConfigurationList section */
		7D70E0A8250E9F7F000CE625 /* Build configuration list for PBXProject "GEM-ART" */ = {
			isa = XCConfigurationList;
			buildConfigurations = (
				7D70E0BF250E9F83000CE625 /* Debug */,
				7D70E0C0250E9F83000CE625 /* Release */,
			);
			defaultConfigurationIsVisible = 0;
			defaultConfigurationName = Release;
		};
		7D70E0C1250E9F83000CE625 /* Build configuration list for PBXNativeTarget "GEM-ART" */ = {
			isa = XCConfigurationList;
			buildConfigurations = (
				7D70E0C2250E9F83000CE625 /* Debug */,
				7D70E0C3250E9F83000CE625 /* Release */,
			);
			defaultConfigurationIsVisible = 0;
			defaultConfigurationName = Release;
		};
/* End XCConfigurationList section */
	};
	rootObject = 7D70E0A5250E9F7F000CE625 /* Project object */;
}
